
Microsoft Visual Studio Solution File, Format Version 12.00
# Visual Studio Version 16
VisualStudioVersion = 16.0.29509.3
MinimumVisualStudioVersion = 10.0.40219.1
Project("{FAE04EC0-301F-11D3-BF4B-00C04F79EFBC}") = "EPAM.VacancyPortal.Entities", "EPAM.VacancyPortal.Entities\EPAM.VacancyPortal.Entities.csproj", "{EF349B9C-EFD9-48DD-B9C2-28129B21660A}"
EndProject
Project("{2150E333-8FDC-42A3-9474-1A3956D46DE8}") = "Common", "Common", "{444C7D41-85CF-45D5-8DD8-4184370059E6}"
EndProject
Project("{2150E333-8FDC-42A3-9474-1A3956D46DE8}") = "DAL", "DAL", "{23814A7B-D231-43A5-8CF9-CF836759C1EA}"
EndProject
Project("{FAE04EC0-301F-11D3-BF4B-00C04F79EFBC}") = "EPAM.VacancyPortal.DAL.Interfaces", "EPAM.VacancyPortal.DAL.Interfaces\EPAM.VacancyPortal.DAL.Interfaces.csproj", "{CAEE8074-7A4F-4B0C-8F7C-DC5F9ECEC79D}"
EndProject
Project("{FAE04EC0-301F-11D3-BF4B-00C04F79EFBC}") = "EPAM.VacancyPortal.DAL.SqlServer", "EPAM.VacancyPortal.DAL.SqlServer\EPAM.VacancyPortal.DAL.SqlServer.csproj", "{61D35141-6BDF-4955-8436-374E3A295CF9}"
EndProject
Project("{FAE04EC0-301F-11D3-BF4B-00C04F79EFBC}") = "EPAM.VacancyPortal.Logger", "EPAM.VacancyPortal.Logger\EPAM.VacancyPortal.Logger.csproj", "{FF3862A1-1D11-44CB-A193-E59F56D3E9C6}"
EndProject
Project("{2150E333-8FDC-42A3-9474-1A3956D46DE8}") = "BLL", "BLL", "{F7125A20-5872-48BF-8D46-363BFC329933}"
EndProject
Project("{FAE04EC0-301F-11D3-BF4B-00C04F79EFBC}") = "EPAM.VacancyPortal.BLL.Interfaces", "EPAM.VacancyPortal.BLL.Interfaces\EPAM.VacancyPortal.BLL.Interfaces.csproj", "{C2904407-DEA0-440B-B3D9-437279CAA6FB}"
EndProject
Project("{FAE04EC0-301F-11D3-BF4B-00C04F79EFBC}") = "EPAM.VacancyPortal.BLL", "EPAM.VacancyPortal.BLL\EPAM.VacancyPortal.BLL.csproj", "{98A659FE-561B-42AE-9238-4B9BECA8596B}"
EndProject
Project("{FAE04EC0-301F-11D3-BF4B-00C04F79EFBC}") = "EPAM.VacancyPortal.IoC", "EPAM.VacancyPortal.IoC\EPAM.VacancyPortal.IoC.csproj", "{ABC42B92-2577-4A52-9A10-C3967448732D}"
EndProject
Project("{2150E333-8FDC-42A3-9474-1A3956D46DE8}") = "PL", "PL", "{12047100-367E-4B76-8A02-D6D9816556A0}"
EndProject
Project("{FAE04EC0-301F-11D3-BF4B-00C04F79EFBC}") = "EPAM.VacancyPortal.PL.WebPL", "EPAM.VacancyPortal.PL.WebPL\EPAM.VacancyPortal.PL.WebPL.csproj", "{D68F61E5-609D-4888-B5D7-884DDF51A0CE}"
EndProject
Global
	GlobalSection(SolutionConfigurationPlatforms) = preSolution
		Debug|Any CPU = Debug|Any CPU
		Release|Any CPU = Release|Any CPU
	EndGlobalSection
	GlobalSection(ProjectConfigurationPlatforms) = postSolution
		{EF349B9C-EFD9-48DD-B9C2-28129B21660A}.Debug|Any CPU.ActiveCfg = Debug|Any CPU
		{EF349B9C-EFD9-48DD-B9C2-28129B21660A}.Debug|Any CPU.Build.0 = Debug|Any CPU
		{EF349B9C-EFD9-48DD-B9C2-28129B21660A}.Release|Any CPU.ActiveCfg = Release|Any CPU
		{EF349B9C-EFD9-48DD-B9C2-28129B21660A}.Release|Any CPU.Build.0 = Release|Any CPU
		{CAEE8074-7A4F-4B0C-8F7C-DC5F9ECEC79D}.Debug|Any CPU.ActiveCfg = Debug|Any CPU
		{CAEE8074-7A4F-4B0C-8F7C-DC5F9ECEC79D}.Debug|Any CPU.Build.0 = Debug|Any CPU
		{CAEE8074-7A4F-4B0C-8F7C-DC5F9ECEC79D}.Release|Any CPU.ActiveCfg = Release|Any CPU
		{CAEE8074-7A4F-4B0C-8F7C-DC5F9ECEC79D}.Release|Any CPU.Build.0 = Release|Any CPU
		{61D35141-6BDF-4955-8436-374E3A295CF9}.Debug|Any CPU.ActiveCfg = Debug|Any CPU
		{61D35141-6BDF-4955-8436-374E3A295CF9}.Debug|Any CPU.Build.0 = Debug|Any CPU
		{61D35141-6BDF-4955-8436-374E3A295CF9}.Release|Any CPU.ActiveCfg = Release|Any CPU
		{61D35141-6BDF-4955-8436-374E3A295CF9}.Release|Any CPU.Build.0 = Release|Any CPU
		{FF3862A1-1D11-44CB-A193-E59F56D3E9C6}.Debug|Any CPU.ActiveCfg = Debug|Any CPU
		{FF3862A1-1D11-44CB-A193-E59F56D3E9C6}.Debug|Any CPU.Build.0 = Debug|Any CPU
		{FF3862A1-1D11-44CB-A193-E59F56D3E9C6}.Release|Any CPU.ActiveCfg = Release|Any CPU
		{FF3862A1-1D11-44CB-A193-E59F56D3E9C6}.Release|Any CPU.Build.0 = Release|Any CPU
		{C2904407-DEA0-440B-B3D9-437279CAA6FB}.Debug|Any CPU.ActiveCfg = Debug|Any CPU
		{C2904407-DEA0-440B-B3D9-437279CAA6FB}.Debug|Any CPU.Build.0 = Debug|Any CPU
		{C2904407-DEA0-440B-B3D9-437279CAA6FB}.Release|Any CPU.ActiveCfg = Release|Any CPU
		{C2904407-DEA0-440B-B3D9-437279CAA6FB}.Release|Any CPU.Build.0 = Release|Any CPU
		{98A659FE-561B-42AE-9238-4B9BECA8596B}.Debug|Any CPU.ActiveCfg = Debug|Any CPU
		{98A659FE-561B-42AE-9238-4B9BECA8596B}.Debug|Any CPU.Build.0 = Debug|Any CPU
		{98A659FE-561B-42AE-9238-4B9BECA8596B}.Release|Any CPU.ActiveCfg = Release|Any CPU
		{98A659FE-561B-42AE-9238-4B9BECA8596B}.Release|Any CPU.Build.0 = Release|Any CPU
		{ABC42B92-2577-4A52-9A10-C3967448732D}.Debug|Any CPU.ActiveCfg = Debug|Any CPU
		{ABC42B92-2577-4A52-9A10-C3967448732D}.Debug|Any CPU.Build.0 = Debug|Any CPU
		{ABC42B92-2577-4A52-9A10-C3967448732D}.Release|Any CPU.ActiveCfg = Release|Any CPU
		{ABC42B92-2577-4A52-9A10-C3967448732D}.Release|Any CPU.Build.0 = Release|Any CPU
		{D68F61E5-609D-4888-B5D7-884DDF51A0CE}.Debug|Any CPU.ActiveCfg = Debug|Any CPU
		{D68F61E5-609D-4888-B5D7-884DDF51A0CE}.Debug|Any CPU.Build.0 = Debug|Any CPU
		{D68F61E5-609D-4888-B5D7-884DDF51A0CE}.Release|Any CPU.ActiveCfg = Release|Any CPU
		{D68F61E5-609D-4888-B5D7-884DDF51A0CE}.Release|Any CPU.Build.0 = Release|Any CPU
	EndGlobalSection
	GlobalSection(SolutionProperties) = preSolution
		HideSolutionNode = FALSE
	EndGlobalSection
	GlobalSection(NestedProjects) = preSolution
		{EF349B9C-EFD9-48DD-B9C2-28129B21660A} = {444C7D41-85CF-45D5-8DD8-4184370059E6}
		{CAEE8074-7A4F-4B0C-8F7C-DC5F9ECEC79D} = {23814A7B-D231-43A5-8CF9-CF836759C1EA}
		{61D35141-6BDF-4955-8436-374E3A295CF9} = {23814A7B-D231-43A5-8CF9-CF836759C1EA}
		{FF3862A1-1D11-44CB-A193-E59F56D3E9C6} = {444C7D41-85CF-45D5-8DD8-4184370059E6}
		{C2904407-DEA0-440B-B3D9-437279CAA6FB} = {F7125A20-5872-48BF-8D46-363BFC329933}
		{98A659FE-561B-42AE-9238-4B9BECA8596B} = {F7125A20-5872-48BF-8D46-363BFC329933}
		{ABC42B92-2577-4A52-9A10-C3967448732D} = {444C7D41-85CF-45D5-8DD8-4184370059E6}
		{D68F61E5-609D-4888-B5D7-884DDF51A0CE} = {12047100-367E-4B76-8A02-D6D9816556A0}
	EndGlobalSection
	GlobalSection(ExtensibilityGlobals) = postSolution
		SolutionGuid = {FF9DF2DE-6DED-4D20-9659-F0961ED74EC3}
	EndGlobalSection
EndGlobal
